
Microsoft Visual Studio Solution File, Format Version 12.00
# Visual Studio Version 16
VisualStudioVersion = 16.0.31624.102
MinimumVisualStudioVersion = 10.0.40219.1
Project("{8BC9CEB8-8B4A-11D0-8D11-00A0C91BC942}") = "OOP3200 ICE 2", "OOP3200 ICE 2\OOP3200 ICE 2.vcxproj", "{AB023EBB-8248-42F4-8C97-F692EF1F7B64}"
EndProject
Global
	GlobalSection(SolutionConfigurationPlatforms) = preSolution
		Debug|x64 = Debug|x64
		Debug|x86 = Debug|x86
		Release|x64 = Release|x64
		Release|x86 = Release|x86
	EndGlobalSection
	GlobalSection(ProjectConfigurationPlatforms) = postSolution
		{AB023EBB-8248-42F4-8C97-F692EF1F7B64}.Debug|x64.ActiveCfg = Debug|x64
		{AB023EBB-8248-42F4-8C97-F692EF1F7B64}.Debug|x64.Build.0 = Debug|x64
		{AB023EBB-8248-42F4-8C97-F692EF1F7B64}.Debug|x86.ActiveCfg = Debug|Win32
		{AB023EBB-8248-42F4-8C97-F692EF1F7B64}.Debug|x86.Build.0 = Debug|Win32
		{AB023EBB-8248-42F4-8C97-F692EF1F7B64}.Release|x64.ActiveCfg = Release|x64
		{AB023EBB-8248-42F4-8C97-F692EF1F7B64}.Release|x64.Build.0 = Release|x64
		{AB023EBB-8248-42F4-8C97-F692EF1F7B64}.Release|x86.ActiveCfg = Release|Win32
		{AB023EBB-8248-42F4-8C97-F692EF1F7B64}.Release|x86.Build.0 = Release|Win32
	EndGlobalSection
	GlobalSection(SolutionProperties) = preSolution
		HideSolutionNode = FALSE
	EndGlobalSection
	GlobalSection(ExtensibilityGlobals) = postSolution
		SolutionGuid = {25E32BEE-D239-4DA8-9F31-690BA55C9FC1}
	EndGlobalSection
EndGlobal
